<?xml version="1.0" encoding="utf-8"?>
<Project ToolsVersion="4.0" xmlns="http://schemas.microsoft.com/developer/msbuild/2003">
  <ItemGroup>
    <Filter Include="Files">
      <UniqueIdentifier>{fef34863-20d4-4cbf-9962-704201638212}</UniqueIdentifier>
    </Filter>
    <Filter Include="Files\Players">
      <UniqueIdentifier>{7ffc4415-d67e-42f0-955d-c21cca55175f}</UniqueIdentifier>
    </Filter>
    <Filter Include="Files\Tournaments">
      <UniqueIdentifier>{cdc3b1d4-1846-46fa-bef0-b6691dbc1ebc}</UniqueIdentifier>
    </Filter>
    <Filter Include="Files\Rules">
      <UniqueIdentifier>{44de9c1e-974a-4eef-8706-358733b32899}</UniqueIdentifier>
    </Filter>
    <Filter Include="Files\TournamentUI">
      <UniqueIdentifier>{2c02d439-3db0-43bf-b984-4ae9cd32628a}</UniqueIdentifier>
    </Filter>
    <Filter Include="Files\Factories">
      <UniqueIdentifier>{9c2fbc59-788c-453a-9f02-2a12df7cb67d}</UniqueIdentifier>
    </Filter>
  </ItemGroup>
  <ItemGroup>
    <ClCompile Include="GameManager.cpp">
      <Filter>Files</Filter>
    </ClCompile>
    <ClCompile Include="RockPaperScissors.cpp">
      <Filter>Files</Filter>
    </ClCompile>
    <ClCompile Include="BasePlayer.cpp">
      <Filter>Files\Players</Filter>
    </ClCompile>
    <ClCompile Include="HumanPlayer.cpp">
      <Filter>Files\Players</Filter>
    </ClCompile>
    <ClCompile Include="ComputerPlayer.cpp">
      <Filter>Files\Players</Filter>
    </ClCompile>
    <ClCompile Include="DuelTournament.cpp">
      <Filter>Files\Tournaments</Filter>
    </ClCompile>
    <ClCompile Include="EachVsEachTournament.cpp">
      <Filter>Files\Tournaments</Filter>
    </ClCompile>
    <ClCompile Include="MassTournament.cpp">
      <Filter>Files\Tournaments</Filter>
    </ClCompile>
    <ClCompile Include="BigBangGameRules.cpp">
      <Filter>Files\Rules</Filter>
    </ClCompile>
    <ClCompile Include="ClassicGameRules.cpp">
      <Filter>Files\Rules</Filter>
    </ClCompile>
    <ClCompile Include="GridTournament.cpp">
      <Filter>Files\Tournaments</Filter>
    </ClCompile>
    <ClCompile Include="BaseTournament.cpp">
      <Filter>Files\Tournaments</Filter>
    </ClCompile>
    <ClCompile Include="BaseGameRules.cpp">
      <Filter>Files\Rules</Filter>
    </ClCompile>
    <ClCompile Include="BaseTournamentUI.cpp">
      <Filter>Files\TournamentUI</Filter>
    </ClCompile>
    <ClCompile Include="GeneralUI.cpp">
      <Filter>Files</Filter>
    </ClCompile>
    <ClCompile Include="EachVsEachTournamentUI.cpp">
      <Filter>Files\TournamentUI</Filter>
    </ClCompile>
    <ClCompile Include="DuelTournamentUI.cpp">
      <Filter>Files\TournamentUI</Filter>
    </ClCompile>
    <ClCompile Include="MassTournamentUI.cpp">
      <Filter>Files\TournamentUI</Filter>
    </ClCompile>
    <ClCompile Include="GridTournamentUI.cpp">
      <Filter>Files\TournamentUI</Filter>
    </ClCompile>
    <ClCompile Include="RulesFactory.cpp">
      <Filter>Files\Factories</Filter>
    </ClCompile>
    <ClCompile Include="TournamentFactory.cpp">
      <Filter>Files\Factories</Filter>
    </ClCompile>
  </ItemGroup>
  <ItemGroup>
    <ClInclude Include="Enums.h">
      <Filter>Files</Filter>
    </ClInclude>
    <ClInclude Include="GameManager.h">
      <Filter>Files</Filter>
    </ClInclude>
    <ClInclude Include="BasePlayer.h">
      <Filter>Files\Players</Filter>
    </ClInclude>
    <ClInclude Include="HumanPlayer.h">
      <Filter>Files\Players</Filter>
    </ClInclude>
    <ClInclude Include="ComputerPlayer.h">
      <Filter>Files\Players</Filter>
    </ClInclude>
    <ClInclude Include="DuelTournament.h">
      <Filter>Files\Tournaments</Filter>
    </ClInclude>
    <ClInclude Include="BaseTournament.h">
      <Filter>Files\Tournaments</Filter>
    </ClInclude>
    <ClInclude Include="EachVsEachTournament.h">
      <Filter>Files\Tournaments</Filter>
    </ClInclude>
    <ClInclude Include="MassTournament.h">
      <Filter>Files\Tournaments</Filter>
    </ClInclude>
    <ClInclude Include="BaseGameRules.h">
      <Filter>Files\Rules</Filter>
    </ClInclude>
    <ClInclude Include="BigBangGameRules.h">
      <Filter>Files\Rules</Filter>
    </ClInclude>
    <ClInclude Include="ClassicGameRules.h">
      <Filter>Files\Rules</Filter>
    </ClInclude>
    <ClInclude Include="GridTournament.h">
      <Filter>Files\Tournaments</Filter>
    </ClInclude>
    <ClInclude Include="BaseTournamentUI.h">
      <Filter>Files\TournamentUI</Filter>
    </ClInclude>
    <ClInclude Include="GeneralUI.h">
      <Filter>Files</Filter>
    </ClInclude>
    <ClInclude Include="EachVsEachTournamentUI.h">
      <Filter>Files\TournamentUI</Filter>
    </ClInclude>
    <ClInclude Include="DuelTournamentUI.h">
      <Filter>Files\TournamentUI</Filter>
    </ClInclude>
    <ClInclude Include="MassTournamentUI.h">
      <Filter>Files\TournamentUI</Filter>
    </ClInclude>
    <ClInclude Include="GridTournamentUI.h">
      <Filter>Files\TournamentUI</Filter>
    </ClInclude>
    <ClInclude Include="RulesFactory.h">
      <Filter>Files\Factories</Filter>
    </ClInclude>
    <ClInclude Include="TournamentFactory.h">
      <Filter>Files\Factories</Filter>
    </ClInclude>
  </ItemGroup>
</Project>